
Microsoft Visual Studio Solution File, Format Version 12.00
# Visual Studio Version 17
VisualStudioVersion = 17.1.32210.238
MinimumVisualStudioVersion = 10.0.40219.1
Project("{FAE04EC0-301F-11D3-BF4B-00C04F79EFBC}") = "U-Harchi", "U-Harchi.csproj", "{A8078E06-4702-4659-9763-6A2A7271D023}"
EndProject
Global
	GlobalSection(SolutionConfigurationPlatforms) = preSolution
		Debug|Any CPU = Debug|Any CPU
		Release|Any CPU = Release|Any CPU
	EndGlobalSection
	GlobalSection(ProjectConfigurationPlatforms) = postSolution
		{A8078E06-4702-4659-9763-6A2A7271D023}.Debug|Any CPU.ActiveCfg = Debug|Any CPU
		{A8078E06-4702-4659-9763-6A2A7271D023}.Debug|Any CPU.Build.0 = Debug|Any CPU
		{A8078E06-4702-4659-9763-6A2A7271D023}.Release|Any CPU.ActiveCfg = Release|Any CPU
		{A8078E06-4702-4659-9763-6A2A7271D023}.Release|Any CPU.Build.0 = Release|Any CPU
	EndGlobalSection
	GlobalSection(SolutionProperties) = preSolution
		HideSolutionNode = FALSE
	EndGlobalSection
	GlobalSection(ExtensibilityGlobals) = postSolution
		SolutionGuid = {8A67E507-462D-476E-BA3D-4F579DF2B30C}
	EndGlobalSection
EndGlobal
